
Microsoft Visual Studio Solution File, Format Version 12.00
# Visual Studio 15
VisualStudioVersion = 15.0.26228.4
MinimumVisualStudioVersion = 10.0.40219.1
Project("{2150E333-8FDC-42A3-9474-1A3956D46DE8}") = "src", "src", "{1733BF96-BCF6-43DD-B145-EBCB11B57C55}"
EndProject
Project("{2150E333-8FDC-42A3-9474-1A3956D46DE8}") = "Solution Items", "Solution Items", "{4BDA1FB5-B55E-4904-A185-1BF954D654C0}"
EndProject
Project("{2150E333-8FDC-42A3-9474-1A3956D46DE8}") = "test", "test", "{1E120316-DAE8-4FF7-81C2-053A914C258D}"
EndProject
Project("{2150E333-8FDC-42A3-9474-1A3956D46DE8}") = "websites", "websites", "{03BD4D9A-CEDA-47F3-B3A9-12D970E6C267}"
EndProject
Project("{9A19103F-16F7-4668-BE54-9A1E7A4F7556}") = "NWebsec.Annotations", "src\NWebsec.Annotations\NWebsec.Annotations.csproj", "{48CE6E58-76CF-469E-8FCC-BB3CA71B91F0}"
EndProject
Project("{9A19103F-16F7-4668-BE54-9A1E7A4F7556}") = "NWebsec.AspNetCore.Core", "src\NWebsec.AspNetCore.Core\NWebsec.AspNetCore.Core.csproj", "{ACE9F21A-3FF6-4CB0-B264-D2B44BC581FA}"
EndProject
Project("{9A19103F-16F7-4668-BE54-9A1E7A4F7556}") = "NWebsec.AspNetCore.Middleware", "src\NWebsec.AspNetCore.Middleware\NWebsec.AspNetCore.Middleware.csproj", "{65A8AEBD-8F11-457F-81BB-9F43CA968AB9}"
EndProject
Project("{9A19103F-16F7-4668-BE54-9A1E7A4F7556}") = "NWebsec.AspNetCore.Mvc", "src\NWebsec.AspNetCore.Mvc\NWebsec.AspNetCore.Mvc.csproj", "{ABB44397-B534-4AE4-98E4-4032C05E85C2}"
EndProject
Project("{9A19103F-16F7-4668-BE54-9A1E7A4F7556}") = "NWebsec.AspNetCore.Mvc.TagHelpers", "src\NWebsec.AspNetCore.Mvc.TagHelpers\NWebsec.AspNetCore.Mvc.TagHelpers.csproj", "{E9280643-A466-407F-A976-7B3C6877EAA0}"
EndProject
Project("{9A19103F-16F7-4668-BE54-9A1E7A4F7556}") = "MvcAttributeWebsite", "test\websites\MvcAttributeWebsite\MvcAttributeWebsite.csproj", "{42145369-6B4E-44CB-822A-4279825FCA70}"
EndProject
Project("{9A19103F-16F7-4668-BE54-9A1E7A4F7556}") = "NWebsec.AspNetCore.Middleware.Tests", "test\NWebsec.AspNetCore.Middleware.Tests\NWebsec.AspNetCore.Middleware.Tests.csproj", "{FDA6273B-19C5-4336-BF8D-4F8A293342B0}"
EndProject
Project("{9A19103F-16F7-4668-BE54-9A1E7A4F7556}") = "NWebsec.AspNetCore.Core.Tests", "test\NWebsec.AspNetCore.Core.Tests\NWebsec.AspNetCore.Core.Tests.csproj", "{C84BB474-1A36-4CF7-9B78-AC0AEA34BF7A}"
EndProject
Project("{9A19103F-16F7-4668-BE54-9A1E7A4F7556}") = "NWebsec.AspNetCore.Mvc.FunctionalTests", "test\NWebsec.AspNetCore.Mvc.FunctionalTests\NWebsec.AspNetCore.Mvc.FunctionalTests.csproj", "{78CAFC9A-61E6-4818-B5C3-A554E2590E28}"
EndProject
Project("{9A19103F-16F7-4668-BE54-9A1E7A4F7556}") = "NWebsec.AspNetCore.Mvc.TagHelpers.Tests", "test\NWebsec.AspNetCore.Mvc.TagHelpers.Tests\NWebsec.AspNetCore.Mvc.TagHelpers.Tests.csproj", "{72158B5F-B415-4FD0-A17E-F4B0945EA948}"
EndProject
Project("{9A19103F-16F7-4668-BE54-9A1E7A4F7556}") = "NWebsec.AspNetCore.Mvc.Tests", "test\NWebsec.AspNetCore.Mvc.Tests\NWebsec.AspNetCore.Mvc.Tests.csproj", "{9EF528EE-B28D-4278-82AC-59767E40E63B}"
EndProject
Project("{FAE04EC0-301F-11D3-BF4B-00C04F79EFBC}") = "Mvc", "src\Mvc\Mvc.csproj", "{83A1170A-A739-4BEA-8897-1F19B8A0BE8E}"
EndProject
Global
	GlobalSection(SolutionConfigurationPlatforms) = preSolution
		Debug|Any CPU = Debug|Any CPU
		Release|Any CPU = Release|Any CPU
	EndGlobalSection
	GlobalSection(ProjectConfigurationPlatforms) = postSolution
		{48CE6E58-76CF-469E-8FCC-BB3CA71B91F0}.Debug|Any CPU.ActiveCfg = Debug|Any CPU
		{48CE6E58-76CF-469E-8FCC-BB3CA71B91F0}.Debug|Any CPU.Build.0 = Debug|Any CPU
		{48CE6E58-76CF-469E-8FCC-BB3CA71B91F0}.Release|Any CPU.ActiveCfg = Release|Any CPU
		{48CE6E58-76CF-469E-8FCC-BB3CA71B91F0}.Release|Any CPU.Build.0 = Release|Any CPU
		{ACE9F21A-3FF6-4CB0-B264-D2B44BC581FA}.Debug|Any CPU.ActiveCfg = Debug|Any CPU
		{ACE9F21A-3FF6-4CB0-B264-D2B44BC581FA}.Debug|Any CPU.Build.0 = Debug|Any CPU
		{ACE9F21A-3FF6-4CB0-B264-D2B44BC581FA}.Release|Any CPU.ActiveCfg = Release|Any CPU
		{ACE9F21A-3FF6-4CB0-B264-D2B44BC581FA}.Release|Any CPU.Build.0 = Release|Any CPU
		{65A8AEBD-8F11-457F-81BB-9F43CA968AB9}.Debug|Any CPU.ActiveCfg = Debug|Any CPU
		{65A8AEBD-8F11-457F-81BB-9F43CA968AB9}.Debug|Any CPU.Build.0 = Debug|Any CPU
		{65A8AEBD-8F11-457F-81BB-9F43CA968AB9}.Release|Any CPU.ActiveCfg = Release|Any CPU
		{65A8AEBD-8F11-457F-81BB-9F43CA968AB9}.Release|Any CPU.Build.0 = Release|Any CPU
		{ABB44397-B534-4AE4-98E4-4032C05E85C2}.Debug|Any CPU.ActiveCfg = Debug|Any CPU
		{ABB44397-B534-4AE4-98E4-4032C05E85C2}.Debug|Any CPU.Build.0 = Debug|Any CPU
		{ABB44397-B534-4AE4-98E4-4032C05E85C2}.Release|Any CPU.ActiveCfg = Release|Any CPU
		{ABB44397-B534-4AE4-98E4-4032C05E85C2}.Release|Any CPU.Build.0 = Release|Any CPU
		{E9280643-A466-407F-A976-7B3C6877EAA0}.Debug|Any CPU.ActiveCfg = Debug|Any CPU
		{E9280643-A466-407F-A976-7B3C6877EAA0}.Debug|Any CPU.Build.0 = Debug|Any CPU
		{E9280643-A466-407F-A976-7B3C6877EAA0}.Release|Any CPU.ActiveCfg = Release|Any CPU
		{E9280643-A466-407F-A976-7B3C6877EAA0}.Release|Any CPU.Build.0 = Release|Any CPU
		{42145369-6B4E-44CB-822A-4279825FCA70}.Debug|Any CPU.ActiveCfg = Debug|Any CPU
		{42145369-6B4E-44CB-822A-4279825FCA70}.Debug|Any CPU.Build.0 = Debug|Any CPU
		{42145369-6B4E-44CB-822A-4279825FCA70}.Release|Any CPU.ActiveCfg = Release|Any CPU
		{42145369-6B4E-44CB-822A-4279825FCA70}.Release|Any CPU.Build.0 = Release|Any CPU
		{FDA6273B-19C5-4336-BF8D-4F8A293342B0}.Debug|Any CPU.ActiveCfg = Debug|Any CPU
		{FDA6273B-19C5-4336-BF8D-4F8A293342B0}.Debug|Any CPU.Build.0 = Debug|Any CPU
		{FDA6273B-19C5-4336-BF8D-4F8A293342B0}.Release|Any CPU.ActiveCfg = Release|Any CPU
		{FDA6273B-19C5-4336-BF8D-4F8A293342B0}.Release|Any CPU.Build.0 = Release|Any CPU
		{C84BB474-1A36-4CF7-9B78-AC0AEA34BF7A}.Debug|Any CPU.ActiveCfg = Debug|Any CPU
		{C84BB474-1A36-4CF7-9B78-AC0AEA34BF7A}.Debug|Any CPU.Build.0 = Debug|Any CPU
		{C84BB474-1A36-4CF7-9B78-AC0AEA34BF7A}.Release|Any CPU.ActiveCfg = Release|Any CPU
		{C84BB474-1A36-4CF7-9B78-AC0AEA34BF7A}.Release|Any CPU.Build.0 = Release|Any CPU
		{78CAFC9A-61E6-4818-B5C3-A554E2590E28}.Debug|Any CPU.ActiveCfg = Debug|Any CPU
		{78CAFC9A-61E6-4818-B5C3-A554E2590E28}.Debug|Any CPU.Build.0 = Debug|Any CPU
		{78CAFC9A-61E6-4818-B5C3-A554E2590E28}.Release|Any CPU.ActiveCfg = Release|Any CPU
		{78CAFC9A-61E6-4818-B5C3-A554E2590E28}.Release|Any CPU.Build.0 = Release|Any CPU
		{72158B5F-B415-4FD0-A17E-F4B0945EA948}.Debug|Any CPU.ActiveCfg = Debug|Any CPU
		{72158B5F-B415-4FD0-A17E-F4B0945EA948}.Debug|Any CPU.Build.0 = Debug|Any CPU
		{72158B5F-B415-4FD0-A17E-F4B0945EA948}.Release|Any CPU.ActiveCfg = Release|Any CPU
		{72158B5F-B415-4FD0-A17E-F4B0945EA948}.Release|Any CPU.Build.0 = Release|Any CPU
		{9EF528EE-B28D-4278-82AC-59767E40E63B}.Debug|Any CPU.ActiveCfg = Debug|Any CPU
		{9EF528EE-B28D-4278-82AC-59767E40E63B}.Debug|Any CPU.Build.0 = Debug|Any CPU
		{9EF528EE-B28D-4278-82AC-59767E40E63B}.Release|Any CPU.ActiveCfg = Release|Any CPU
		{9EF528EE-B28D-4278-82AC-59767E40E63B}.Release|Any CPU.Build.0 = Release|Any CPU
		{83A1170A-A739-4BEA-8897-1F19B8A0BE8E}.Debug|Any CPU.ActiveCfg = Debug|Any CPU
		{83A1170A-A739-4BEA-8897-1F19B8A0BE8E}.Debug|Any CPU.Build.0 = Debug|Any CPU
		{83A1170A-A739-4BEA-8897-1F19B8A0BE8E}.Release|Any CPU.ActiveCfg = Release|Any CPU
		{83A1170A-A739-4BEA-8897-1F19B8A0BE8E}.Release|Any CPU.Build.0 = Release|Any CPU
	EndGlobalSection
	GlobalSection(SolutionProperties) = preSolution
		HideSolutionNode = FALSE
	EndGlobalSection
	GlobalSection(NestedProjects) = preSolution
		{03BD4D9A-CEDA-47F3-B3A9-12D970E6C267} = {1E120316-DAE8-4FF7-81C2-053A914C258D}
		{48CE6E58-76CF-469E-8FCC-BB3CA71B91F0} = {1733BF96-BCF6-43DD-B145-EBCB11B57C55}
		{ACE9F21A-3FF6-4CB0-B264-D2B44BC581FA} = {1733BF96-BCF6-43DD-B145-EBCB11B57C55}
		{65A8AEBD-8F11-457F-81BB-9F43CA968AB9} = {1733BF96-BCF6-43DD-B145-EBCB11B57C55}
		{ABB44397-B534-4AE4-98E4-4032C05E85C2} = {1733BF96-BCF6-43DD-B145-EBCB11B57C55}
		{E9280643-A466-407F-A976-7B3C6877EAA0} = {1733BF96-BCF6-43DD-B145-EBCB11B57C55}
		{42145369-6B4E-44CB-822A-4279825FCA70} = {03BD4D9A-CEDA-47F3-B3A9-12D970E6C267}
		{FDA6273B-19C5-4336-BF8D-4F8A293342B0} = {1E120316-DAE8-4FF7-81C2-053A914C258D}
		{C84BB474-1A36-4CF7-9B78-AC0AEA34BF7A} = {1E120316-DAE8-4FF7-81C2-053A914C258D}
		{78CAFC9A-61E6-4818-B5C3-A554E2590E28} = {1E120316-DAE8-4FF7-81C2-053A914C258D}
		{72158B5F-B415-4FD0-A17E-F4B0945EA948} = {1E120316-DAE8-4FF7-81C2-053A914C258D}
		{9EF528EE-B28D-4278-82AC-59767E40E63B} = {1E120316-DAE8-4FF7-81C2-053A914C258D}
		{83A1170A-A739-4BEA-8897-1F19B8A0BE8E} = {1733BF96-BCF6-43DD-B145-EBCB11B57C55}
	EndGlobalSection
EndGlobal
