
Microsoft Visual Studio Solution File, Format Version 12.00
# Visual Studio 15
VisualStudioVersion = 15.0.26430.12
MinimumVisualStudioVersion = 10.0.40219.1
Project("{2150E333-8FDC-42A3-9474-1A3956D46DE8}") = "src", "src", "{1733BF96-BCF6-43DD-B145-EBCB11B57C55}"
EndProject
Project("{2150E333-8FDC-42A3-9474-1A3956D46DE8}") = "Solution Items", "Solution Items", "{4BDA1FB5-B55E-4904-A185-1BF954D654C0}"
EndProject
Project("{2150E333-8FDC-42A3-9474-1A3956D46DE8}") = "test", "test", "{1E120316-DAE8-4FF7-81C2-053A914C258D}"
EndProject
Project("{2150E333-8FDC-42A3-9474-1A3956D46DE8}") = "websites", "websites", "{BBDF5974-4937-4E1E-A596-22F1EF79B05A}"
EndProject
Project("{9A19103F-16F7-4668-BE54-9A1E7A4F7556}") = "NWebsec.Annotations", "src\NWebsec.Annotations\NWebsec.Annotations.csproj", "{2254E2E0-8390-48A4-820D-86F6EBAA7F2A}"
EndProject
Project("{9A19103F-16F7-4668-BE54-9A1E7A4F7556}") = "NWebsec.AspNetCore.Core", "src\NWebsec.AspNetCore.Core\NWebsec.AspNetCore.Core.csproj", "{952CAE2C-D3A3-4B16-B864-0108741A4510}"
EndProject
Project("{9A19103F-16F7-4668-BE54-9A1E7A4F7556}") = "NWebsec.AspNetCore.Middleware", "src\NWebsec.AspNetCore.Middleware\NWebsec.AspNetCore.Middleware.csproj", "{03763277-72E4-4246-B86E-56D9A1C90AA2}"
EndProject
Project("{9A19103F-16F7-4668-BE54-9A1E7A4F7556}") = "NWebsec.AspNetCore.Mvc", "src\NWebsec.AspNetCore.Mvc\NWebsec.AspNetCore.Mvc.csproj", "{F8500AAD-270F-4F77-B8C9-FA16A69CF868}"
EndProject
Project("{9A19103F-16F7-4668-BE54-9A1E7A4F7556}") = "NWebsec.AspNetCore.Mvc.TagHelpers", "src\NWebsec.AspNetCore.Mvc.TagHelpers\NWebsec.AspNetCore.Mvc.TagHelpers.csproj", "{6EA6D546-6C54-4D10-A627-4E326C20CD27}"
EndProject
Project("{9A19103F-16F7-4668-BE54-9A1E7A4F7556}") = "MvcAttributeWebsite", "test\websites\MvcAttributeWebsite\MvcAttributeWebsite.csproj", "{433C014F-42C7-4EF7-99CD-2425418BBC07}"
EndProject
Project("{9A19103F-16F7-4668-BE54-9A1E7A4F7556}") = "NWebsec.AspNetCore.Core.Tests", "test\NWebsec.AspNetCore.Core.Tests\NWebsec.AspNetCore.Core.Tests.csproj", "{324250C5-D233-4669-BBE7-2A7DA29997F1}"
EndProject
Project("{9A19103F-16F7-4668-BE54-9A1E7A4F7556}") = "NWebsec.AspNetCore.Middleware.Tests", "test\NWebsec.AspNetCore.Middleware.Tests\NWebsec.AspNetCore.Middleware.Tests.csproj", "{A2D0A09F-EE10-492D-9681-8ED6B0A6F7B2}"
EndProject
Project("{9A19103F-16F7-4668-BE54-9A1E7A4F7556}") = "NWebsec.AspNetCore.Mvc.FunctionalTests", "test\NWebsec.AspNetCore.Mvc.FunctionalTests\NWebsec.AspNetCore.Mvc.FunctionalTests.csproj", "{73EDB2A7-4CDB-4544-886A-2B72E5EFD4B9}"
EndProject
Project("{9A19103F-16F7-4668-BE54-9A1E7A4F7556}") = "NWebsec.AspNetCore.Mvc.TagHelpers.Tests", "test\NWebsec.AspNetCore.Mvc.TagHelpers.Tests\NWebsec.AspNetCore.Mvc.TagHelpers.Tests.csproj", "{00300F10-A5EA-4EC1-869D-9F46C9F6957D}"
EndProject
Project("{9A19103F-16F7-4668-BE54-9A1E7A4F7556}") = "NWebsec.AspNetCore.Mvc.Tests", "test\NWebsec.AspNetCore.Mvc.Tests\NWebsec.AspNetCore.Mvc.Tests.csproj", "{38B67127-27A1-48E4-B34E-587E0287FE1B}"
EndProject
Project("{D954291E-2A0B-460D-934E-DC6B0785DB48}") = "NWebsec.Core.Shared", "src\NWebsec.Core.Shared\NWebsec.Core.Shared.shproj", "{22C7C96D-F411-444A-A30E-64CFBDA506F5}"
EndProject
Project("{9A19103F-16F7-4668-BE54-9A1E7A4F7556}") = "NWebsec.Core.SharedProject", "src\NWebsec.Core.SharedProject\NWebsec.Core.SharedProject.csproj", "{84FE99B5-DF2D-4F0C-82E7-6FC482A395D7}"
EndProject
Project("{9A19103F-16F7-4668-BE54-9A1E7A4F7556}") = "NWebsec.Core.SharedProject.Tests", "test\NWebsec.Core.SharedProject.Tests\NWebsec.Core.SharedProject.Tests.csproj", "{A3F572DD-6730-43A6-865B-112B47ADA422}"
EndProject
Global
	GlobalSection(SharedMSBuildProjectFiles) = preSolution
		src\NWebsec.Core.Shared\NWebsec.Core.Shared.projitems*{22c7c96d-f411-444a-a30e-64cfbda506f5}*SharedItemsImports = 13
	EndGlobalSection
	GlobalSection(SolutionConfigurationPlatforms) = preSolution
		Debug|Any CPU = Debug|Any CPU
		Release|Any CPU = Release|Any CPU
	EndGlobalSection
	GlobalSection(ProjectConfigurationPlatforms) = postSolution
		{2254E2E0-8390-48A4-820D-86F6EBAA7F2A}.Debug|Any CPU.ActiveCfg = Debug|Any CPU
		{2254E2E0-8390-48A4-820D-86F6EBAA7F2A}.Debug|Any CPU.Build.0 = Debug|Any CPU
		{2254E2E0-8390-48A4-820D-86F6EBAA7F2A}.Release|Any CPU.ActiveCfg = Release|Any CPU
		{2254E2E0-8390-48A4-820D-86F6EBAA7F2A}.Release|Any CPU.Build.0 = Release|Any CPU
		{952CAE2C-D3A3-4B16-B864-0108741A4510}.Debug|Any CPU.ActiveCfg = Debug|Any CPU
		{952CAE2C-D3A3-4B16-B864-0108741A4510}.Debug|Any CPU.Build.0 = Debug|Any CPU
		{952CAE2C-D3A3-4B16-B864-0108741A4510}.Release|Any CPU.ActiveCfg = Release|Any CPU
		{952CAE2C-D3A3-4B16-B864-0108741A4510}.Release|Any CPU.Build.0 = Release|Any CPU
		{03763277-72E4-4246-B86E-56D9A1C90AA2}.Debug|Any CPU.ActiveCfg = Debug|Any CPU
		{03763277-72E4-4246-B86E-56D9A1C90AA2}.Debug|Any CPU.Build.0 = Debug|Any CPU
		{03763277-72E4-4246-B86E-56D9A1C90AA2}.Release|Any CPU.ActiveCfg = Release|Any CPU
		{03763277-72E4-4246-B86E-56D9A1C90AA2}.Release|Any CPU.Build.0 = Release|Any CPU
		{F8500AAD-270F-4F77-B8C9-FA16A69CF868}.Debug|Any CPU.ActiveCfg = Debug|Any CPU
		{F8500AAD-270F-4F77-B8C9-FA16A69CF868}.Debug|Any CPU.Build.0 = Debug|Any CPU
		{F8500AAD-270F-4F77-B8C9-FA16A69CF868}.Release|Any CPU.ActiveCfg = Release|Any CPU
		{F8500AAD-270F-4F77-B8C9-FA16A69CF868}.Release|Any CPU.Build.0 = Release|Any CPU
		{6EA6D546-6C54-4D10-A627-4E326C20CD27}.Debug|Any CPU.ActiveCfg = Debug|Any CPU
		{6EA6D546-6C54-4D10-A627-4E326C20CD27}.Debug|Any CPU.Build.0 = Debug|Any CPU
		{6EA6D546-6C54-4D10-A627-4E326C20CD27}.Release|Any CPU.ActiveCfg = Release|Any CPU
		{6EA6D546-6C54-4D10-A627-4E326C20CD27}.Release|Any CPU.Build.0 = Release|Any CPU
		{433C014F-42C7-4EF7-99CD-2425418BBC07}.Debug|Any CPU.ActiveCfg = Debug|Any CPU
		{433C014F-42C7-4EF7-99CD-2425418BBC07}.Debug|Any CPU.Build.0 = Debug|Any CPU
		{433C014F-42C7-4EF7-99CD-2425418BBC07}.Release|Any CPU.ActiveCfg = Release|Any CPU
		{433C014F-42C7-4EF7-99CD-2425418BBC07}.Release|Any CPU.Build.0 = Release|Any CPU
		{324250C5-D233-4669-BBE7-2A7DA29997F1}.Debug|Any CPU.ActiveCfg = Debug|Any CPU
		{324250C5-D233-4669-BBE7-2A7DA29997F1}.Debug|Any CPU.Build.0 = Debug|Any CPU
		{324250C5-D233-4669-BBE7-2A7DA29997F1}.Release|Any CPU.ActiveCfg = Release|Any CPU
		{324250C5-D233-4669-BBE7-2A7DA29997F1}.Release|Any CPU.Build.0 = Release|Any CPU
		{A2D0A09F-EE10-492D-9681-8ED6B0A6F7B2}.Debug|Any CPU.ActiveCfg = Debug|Any CPU
		{A2D0A09F-EE10-492D-9681-8ED6B0A6F7B2}.Debug|Any CPU.Build.0 = Debug|Any CPU
		{A2D0A09F-EE10-492D-9681-8ED6B0A6F7B2}.Release|Any CPU.ActiveCfg = Release|Any CPU
		{A2D0A09F-EE10-492D-9681-8ED6B0A6F7B2}.Release|Any CPU.Build.0 = Release|Any CPU
		{73EDB2A7-4CDB-4544-886A-2B72E5EFD4B9}.Debug|Any CPU.ActiveCfg = Debug|Any CPU
		{73EDB2A7-4CDB-4544-886A-2B72E5EFD4B9}.Debug|Any CPU.Build.0 = Debug|Any CPU
		{73EDB2A7-4CDB-4544-886A-2B72E5EFD4B9}.Release|Any CPU.ActiveCfg = Release|Any CPU
		{73EDB2A7-4CDB-4544-886A-2B72E5EFD4B9}.Release|Any CPU.Build.0 = Release|Any CPU
		{00300F10-A5EA-4EC1-869D-9F46C9F6957D}.Debug|Any CPU.ActiveCfg = Debug|Any CPU
		{00300F10-A5EA-4EC1-869D-9F46C9F6957D}.Debug|Any CPU.Build.0 = Debug|Any CPU
		{00300F10-A5EA-4EC1-869D-9F46C9F6957D}.Release|Any CPU.ActiveCfg = Release|Any CPU
		{00300F10-A5EA-4EC1-869D-9F46C9F6957D}.Release|Any CPU.Build.0 = Release|Any CPU
		{38B67127-27A1-48E4-B34E-587E0287FE1B}.Debug|Any CPU.ActiveCfg = Debug|Any CPU
		{38B67127-27A1-48E4-B34E-587E0287FE1B}.Debug|Any CPU.Build.0 = Debug|Any CPU
		{38B67127-27A1-48E4-B34E-587E0287FE1B}.Release|Any CPU.ActiveCfg = Release|Any CPU
		{38B67127-27A1-48E4-B34E-587E0287FE1B}.Release|Any CPU.Build.0 = Release|Any CPU
		{84FE99B5-DF2D-4F0C-82E7-6FC482A395D7}.Debug|Any CPU.ActiveCfg = Debug|Any CPU
		{84FE99B5-DF2D-4F0C-82E7-6FC482A395D7}.Debug|Any CPU.Build.0 = Debug|Any CPU
		{84FE99B5-DF2D-4F0C-82E7-6FC482A395D7}.Release|Any CPU.ActiveCfg = Release|Any CPU
		{84FE99B5-DF2D-4F0C-82E7-6FC482A395D7}.Release|Any CPU.Build.0 = Release|Any CPU
		{A3F572DD-6730-43A6-865B-112B47ADA422}.Debug|Any CPU.ActiveCfg = Debug|Any CPU
		{A3F572DD-6730-43A6-865B-112B47ADA422}.Debug|Any CPU.Build.0 = Debug|Any CPU
		{A3F572DD-6730-43A6-865B-112B47ADA422}.Release|Any CPU.ActiveCfg = Release|Any CPU
		{A3F572DD-6730-43A6-865B-112B47ADA422}.Release|Any CPU.Build.0 = Release|Any CPU
	EndGlobalSection
	GlobalSection(SolutionProperties) = preSolution
		HideSolutionNode = FALSE
	EndGlobalSection
	GlobalSection(NestedProjects) = preSolution
		{BBDF5974-4937-4E1E-A596-22F1EF79B05A} = {1E120316-DAE8-4FF7-81C2-053A914C258D}
		{2254E2E0-8390-48A4-820D-86F6EBAA7F2A} = {1733BF96-BCF6-43DD-B145-EBCB11B57C55}
		{952CAE2C-D3A3-4B16-B864-0108741A4510} = {1733BF96-BCF6-43DD-B145-EBCB11B57C55}
		{03763277-72E4-4246-B86E-56D9A1C90AA2} = {1733BF96-BCF6-43DD-B145-EBCB11B57C55}
		{F8500AAD-270F-4F77-B8C9-FA16A69CF868} = {1733BF96-BCF6-43DD-B145-EBCB11B57C55}
		{6EA6D546-6C54-4D10-A627-4E326C20CD27} = {1733BF96-BCF6-43DD-B145-EBCB11B57C55}
		{433C014F-42C7-4EF7-99CD-2425418BBC07} = {BBDF5974-4937-4E1E-A596-22F1EF79B05A}
		{324250C5-D233-4669-BBE7-2A7DA29997F1} = {1E120316-DAE8-4FF7-81C2-053A914C258D}
		{A2D0A09F-EE10-492D-9681-8ED6B0A6F7B2} = {1E120316-DAE8-4FF7-81C2-053A914C258D}
		{73EDB2A7-4CDB-4544-886A-2B72E5EFD4B9} = {1E120316-DAE8-4FF7-81C2-053A914C258D}
		{00300F10-A5EA-4EC1-869D-9F46C9F6957D} = {1E120316-DAE8-4FF7-81C2-053A914C258D}
		{38B67127-27A1-48E4-B34E-587E0287FE1B} = {1E120316-DAE8-4FF7-81C2-053A914C258D}
		{22C7C96D-F411-444A-A30E-64CFBDA506F5} = {1733BF96-BCF6-43DD-B145-EBCB11B57C55}
		{84FE99B5-DF2D-4F0C-82E7-6FC482A395D7} = {1733BF96-BCF6-43DD-B145-EBCB11B57C55}
		{A3F572DD-6730-43A6-865B-112B47ADA422} = {1E120316-DAE8-4FF7-81C2-053A914C258D}
	EndGlobalSection
EndGlobal
