
Microsoft Visual Studio Solution File, Format Version 11.00
# Visual Studio 2010
Project("{FAE04EC0-301F-11D3-BF4B-00C04F79EFBC}") = "WebForms35", "WebForms35\WebForms35.csproj", "{9C64587A-96D8-4C43-8A93-890F2D37D25F}"
EndProject
Global
	GlobalSection(SolutionConfigurationPlatforms) = preSolution
		Debug|Any CPU = Debug|Any CPU
		Release|Any CPU = Release|Any CPU
	EndGlobalSection
	GlobalSection(ProjectConfigurationPlatforms) = postSolution
		{9C64587A-96D8-4C43-8A93-890F2D37D25F}.Debug|Any CPU.ActiveCfg = Debug|Any CPU
		{9C64587A-96D8-4C43-8A93-890F2D37D25F}.Debug|Any CPU.Build.0 = Debug|Any CPU
		{9C64587A-96D8-4C43-8A93-890F2D37D25F}.Release|Any CPU.ActiveCfg = Release|Any CPU
		{9C64587A-96D8-4C43-8A93-890F2D37D25F}.Release|Any CPU.Build.0 = Release|Any CPU
	EndGlobalSection
	GlobalSection(SolutionProperties) = preSolution
		HideSolutionNode = FALSE
	EndGlobalSection
EndGlobal
