
Microsoft Visual Studio Solution File, Format Version 12.00
# Visual Studio 2013
VisualStudioVersion = 12.0.30110.0
MinimumVisualStudioVersion = 10.0.40219.1
Project("{2150E333-8FDC-42A3-9474-1A3956D46DE8}") = ".nuget", ".nuget", "{D3F413CD-5D3E-4C55-B9A6-AE7FCD60E140}"
	ProjectSection(SolutionItems) = preProject
		.nuget\NuGet.Config = .nuget\NuGet.Config
		.nuget\NuGet.exe = .nuget\NuGet.exe
		.nuget\NuGet.targets = .nuget\NuGet.targets
	EndProjectSection
EndProject
Project("{2150E333-8FDC-42A3-9474-1A3956D46DE8}") = "Solution Items", "Solution Items", "{FCE20D2A-3DDA-4A38-85A5-4F438460CA72}"
	ProjectSection(SolutionItems) = preProject
		Local.testsettings = Local.testsettings
	EndProjectSection
EndProject
Project("{FAE04EC0-301F-11D3-BF4B-00C04F79EFBC}") = "WebForms35", "WebForms35\WebForms35.csproj", "{9C64587A-96D8-4C43-8A93-890F2D37D25F}"
EndProject
Project("{FAE04EC0-301F-11D3-BF4B-00C04F79EFBC}") = "Mvc3", "Mvc3\Mvc3.csproj", "{A103166D-B9AD-48F4-96C9-B3A91E6468AE}"
EndProject
Project("{FAE04EC0-301F-11D3-BF4B-00C04F79EFBC}") = "Mvc4", "Mvc4\Mvc4.csproj", "{0F77B971-0484-44EA-B3F1-D1AF0F520922}"
EndProject
Project("{FAE04EC0-301F-11D3-BF4B-00C04F79EFBC}") = "NWebsec.Tests.Integration", "NWebsec.Tests.Integration\NWebsec.Tests.Integration.csproj", "{6C622341-A09A-4582-92F0-F75CF2E2E605}"
EndProject
Project("{FAE04EC0-301F-11D3-BF4B-00C04F79EFBC}") = "WebAndLoadTestMVC", "WebAndLoadTestMVC\WebAndLoadTestMVC.csproj", "{DF87D735-AE75-4E95-A557-6C96FB8B5329}"
EndProject
Project("{FAE04EC0-301F-11D3-BF4B-00C04F79EFBC}") = "Mvc5", "Mvc5\Mvc5.csproj", "{62A9B247-2155-4AC8-AEF9-A42219E744EE}"
EndProject
Project("{FAE04EC0-301F-11D3-BF4B-00C04F79EFBC}") = "Mvc5owin", "Mvc5owin\Mvc5owin.csproj", "{CEEF2B57-C496-4E75-A704-759EF17F1F1A}"
EndProject
Global
	GlobalSection(SolutionConfigurationPlatforms) = preSolution
		Debug|Any CPU = Debug|Any CPU
		Release|Any CPU = Release|Any CPU
	EndGlobalSection
	GlobalSection(ProjectConfigurationPlatforms) = postSolution
		{9C64587A-96D8-4C43-8A93-890F2D37D25F}.Debug|Any CPU.ActiveCfg = Debug|Any CPU
		{9C64587A-96D8-4C43-8A93-890F2D37D25F}.Debug|Any CPU.Build.0 = Debug|Any CPU
		{9C64587A-96D8-4C43-8A93-890F2D37D25F}.Release|Any CPU.ActiveCfg = Release|Any CPU
		{9C64587A-96D8-4C43-8A93-890F2D37D25F}.Release|Any CPU.Build.0 = Release|Any CPU
		{A103166D-B9AD-48F4-96C9-B3A91E6468AE}.Debug|Any CPU.ActiveCfg = Debug|Any CPU
		{A103166D-B9AD-48F4-96C9-B3A91E6468AE}.Debug|Any CPU.Build.0 = Debug|Any CPU
		{A103166D-B9AD-48F4-96C9-B3A91E6468AE}.Release|Any CPU.ActiveCfg = Release|Any CPU
		{A103166D-B9AD-48F4-96C9-B3A91E6468AE}.Release|Any CPU.Build.0 = Release|Any CPU
		{0F77B971-0484-44EA-B3F1-D1AF0F520922}.Debug|Any CPU.ActiveCfg = Debug|Any CPU
		{0F77B971-0484-44EA-B3F1-D1AF0F520922}.Debug|Any CPU.Build.0 = Debug|Any CPU
		{0F77B971-0484-44EA-B3F1-D1AF0F520922}.Release|Any CPU.ActiveCfg = Release|Any CPU
		{0F77B971-0484-44EA-B3F1-D1AF0F520922}.Release|Any CPU.Build.0 = Release|Any CPU
		{6C622341-A09A-4582-92F0-F75CF2E2E605}.Debug|Any CPU.ActiveCfg = Debug|Any CPU
		{6C622341-A09A-4582-92F0-F75CF2E2E605}.Debug|Any CPU.Build.0 = Debug|Any CPU
		{6C622341-A09A-4582-92F0-F75CF2E2E605}.Release|Any CPU.ActiveCfg = Release|Any CPU
		{6C622341-A09A-4582-92F0-F75CF2E2E605}.Release|Any CPU.Build.0 = Release|Any CPU
		{DF87D735-AE75-4E95-A557-6C96FB8B5329}.Debug|Any CPU.ActiveCfg = Debug|Any CPU
		{DF87D735-AE75-4E95-A557-6C96FB8B5329}.Debug|Any CPU.Build.0 = Debug|Any CPU
		{DF87D735-AE75-4E95-A557-6C96FB8B5329}.Release|Any CPU.ActiveCfg = Release|Any CPU
		{DF87D735-AE75-4E95-A557-6C96FB8B5329}.Release|Any CPU.Build.0 = Release|Any CPU
		{62A9B247-2155-4AC8-AEF9-A42219E744EE}.Debug|Any CPU.ActiveCfg = Debug|Any CPU
		{62A9B247-2155-4AC8-AEF9-A42219E744EE}.Debug|Any CPU.Build.0 = Debug|Any CPU
		{62A9B247-2155-4AC8-AEF9-A42219E744EE}.Release|Any CPU.ActiveCfg = Release|Any CPU
		{62A9B247-2155-4AC8-AEF9-A42219E744EE}.Release|Any CPU.Build.0 = Release|Any CPU
		{CEEF2B57-C496-4E75-A704-759EF17F1F1A}.Debug|Any CPU.ActiveCfg = Debug|Any CPU
		{CEEF2B57-C496-4E75-A704-759EF17F1F1A}.Debug|Any CPU.Build.0 = Debug|Any CPU
		{CEEF2B57-C496-4E75-A704-759EF17F1F1A}.Release|Any CPU.ActiveCfg = Release|Any CPU
		{CEEF2B57-C496-4E75-A704-759EF17F1F1A}.Release|Any CPU.Build.0 = Release|Any CPU
	EndGlobalSection
	GlobalSection(SolutionProperties) = preSolution
		HideSolutionNode = FALSE
	EndGlobalSection
EndGlobal
