
Microsoft Visual Studio Solution File, Format Version 12.00
# Visual Studio 14
VisualStudioVersion = 14.0.23107.0
MinimumVisualStudioVersion = 10.0.40219.1
Project("{2150E333-8FDC-42A3-9474-1A3956D46DE8}") = "Solution Items", "Solution Items", "{07D0ADD6-1502-453F-8F21-F69748F0D188}"
	ProjectSection(SolutionItems) = preProject
		License.txt = License.txt
		Local.testsettings = Local.testsettings
		nwebsec.vsmdi = nwebsec.vsmdi
		SigningKey\NWebsecDevKey.snk = SigningKey\NWebsecDevKey.snk
		TraceAndTestImpact.testsettings = TraceAndTestImpact.testsettings
	EndProjectSection
EndProject
Project("{2150E333-8FDC-42A3-9474-1A3956D46DE8}") = ".nuget", ".nuget", "{F3753382-5F33-41AC-91E2-26E1153838AE}"
	ProjectSection(SolutionItems) = preProject
		.nuget\NuGet.Config = .nuget\NuGet.Config
		.nuget\NuGet.exe = .nuget\NuGet.exe
		.nuget\NuGet.targets = .nuget\NuGet.targets
	EndProjectSection
EndProject
Project("{2150E333-8FDC-42A3-9474-1A3956D46DE8}") = "TestApps", "TestApps", "{7394CFC5-7F3C-4CA1-96D4-13FEEFADF821}"
EndProject
Project("{2150E333-8FDC-42A3-9474-1A3956D46DE8}") = "Tests", "Tests", "{BB1DDDE2-9764-421F-9472-04EFF7165887}"
EndProject
Project("{FAE04EC0-301F-11D3-BF4B-00C04F79EFBC}") = "NWebsec.Classic", "NWebsec\NWebsec.Classic.csproj", "{A011D84B-B731-4404-8BC1-FE94D2B37599}"
EndProject
Project("{FAE04EC0-301F-11D3-BF4B-00C04F79EFBC}") = "NWebsec.Classic.Tests.Unit", "NWebsec.Tests.Unit\NWebsec.Classic.Tests.Unit.csproj", "{2E83CDC3-152A-4139-8B00-0CDECD3F5BDC}"
EndProject
Project("{FAE04EC0-301F-11D3-BF4B-00C04F79EFBC}") = "NWebsec.Mvc", "NWebsec.Mvc\NWebsec.Mvc.csproj", "{78FF86A6-C148-4D03-96CF-B429C1A36DA9}"
EndProject
Project("{FAE04EC0-301F-11D3-BF4B-00C04F79EFBC}") = "DemoSiteMvc3", "DemoSiteMvc3\DemoSiteMvc3.csproj", "{D951B3A3-070E-47EE-956B-06C7196D9E52}"
EndProject
Project("{FAE04EC0-301F-11D3-BF4B-00C04F79EFBC}") = "DemoSiteWebForms", "DemoSiteWebForms\DemoSiteWebForms.csproj", "{2DB1DF32-DE3F-419E-A307-C02D4967230C}"
EndProject
Project("{FAE04EC0-301F-11D3-BF4B-00C04F79EFBC}") = "DemoSiteMvc4", "DemoSiteMvc4\DemoSiteMvc4.csproj", "{7E665EF9-D512-4D36-AFD6-E13BDBD8167F}"
EndProject
Project("{FAE04EC0-301F-11D3-BF4B-00C04F79EFBC}") = "NWebsec.Owin", "NWebsec.Owin\NWebsec.Owin.csproj", "{625BA5EC-141E-4AA4-ABFA-B8B046215E1C}"
EndProject
Project("{FAE04EC0-301F-11D3-BF4B-00C04F79EFBC}") = "NWebsec.Owin.Tests.Unit", "NWebsec.Owin.Tests.Unit\NWebsec.Owin.Tests.Unit.csproj", "{738F0620-1291-41BC-99F8-DAED551EDEE3}"
EndProject
Project("{FAE04EC0-301F-11D3-BF4B-00C04F79EFBC}") = "NWebsec.Core", "NWebsec.Core\NWebsec.Core.csproj", "{E2D23D75-19D4-41A6-A57E-4B6D4F94941F}"
EndProject
Project("{FAE04EC0-301F-11D3-BF4B-00C04F79EFBC}") = "NWebsec.Core.Tests.Unit", "NWebsec.Core.Tests.Unit\NWebsec.Core.Tests.Unit.csproj", "{6375C681-A781-4C36-BD06-4475F25534EE}"
EndProject
Project("{FAE04EC0-301F-11D3-BF4B-00C04F79EFBC}") = "DemoSiteMvc5", "DemoSiteMvc5\DemoSiteMvc5.csproj", "{E971E626-83F5-4AAE-8CFD-A9D37FBAD439}"
EndProject
Project("{FAE04EC0-301F-11D3-BF4B-00C04F79EFBC}") = "NWebsec.Mvc.Tests.Unit", "NWebsec.Mvc.Tests.Unit\NWebsec.Mvc.Tests.Unit.csproj", "{BEB101EF-8EB2-4857-84CB-F44118D41ACA}"
EndProject
Project("{FAE04EC0-301F-11D3-BF4B-00C04F79EFBC}") = "NWebsec.Annotations", "NWebsec.Annotations\NWebsec.Annotations.csproj", "{763D195B-55CC-47CB-BB6E-962B1118A5C7}"
EndProject
Global
	GlobalSection(SolutionConfigurationPlatforms) = preSolution
		Debug|Any CPU = Debug|Any CPU
		Release|Any CPU = Release|Any CPU
	EndGlobalSection
	GlobalSection(ProjectConfigurationPlatforms) = postSolution
		{A011D84B-B731-4404-8BC1-FE94D2B37599}.Debug|Any CPU.ActiveCfg = Debug|Any CPU
		{A011D84B-B731-4404-8BC1-FE94D2B37599}.Debug|Any CPU.Build.0 = Debug|Any CPU
		{A011D84B-B731-4404-8BC1-FE94D2B37599}.Release|Any CPU.ActiveCfg = Release|Any CPU
		{A011D84B-B731-4404-8BC1-FE94D2B37599}.Release|Any CPU.Build.0 = Release|Any CPU
		{2E83CDC3-152A-4139-8B00-0CDECD3F5BDC}.Debug|Any CPU.ActiveCfg = Debug|Any CPU
		{2E83CDC3-152A-4139-8B00-0CDECD3F5BDC}.Debug|Any CPU.Build.0 = Debug|Any CPU
		{2E83CDC3-152A-4139-8B00-0CDECD3F5BDC}.Release|Any CPU.ActiveCfg = Release|Any CPU
		{2E83CDC3-152A-4139-8B00-0CDECD3F5BDC}.Release|Any CPU.Build.0 = Release|Any CPU
		{78FF86A6-C148-4D03-96CF-B429C1A36DA9}.Debug|Any CPU.ActiveCfg = Debug|Any CPU
		{78FF86A6-C148-4D03-96CF-B429C1A36DA9}.Debug|Any CPU.Build.0 = Debug|Any CPU
		{78FF86A6-C148-4D03-96CF-B429C1A36DA9}.Release|Any CPU.ActiveCfg = Release|Any CPU
		{78FF86A6-C148-4D03-96CF-B429C1A36DA9}.Release|Any CPU.Build.0 = Release|Any CPU
		{D951B3A3-070E-47EE-956B-06C7196D9E52}.Debug|Any CPU.ActiveCfg = Debug|Any CPU
		{D951B3A3-070E-47EE-956B-06C7196D9E52}.Debug|Any CPU.Build.0 = Debug|Any CPU
		{D951B3A3-070E-47EE-956B-06C7196D9E52}.Release|Any CPU.ActiveCfg = Release|Any CPU
		{D951B3A3-070E-47EE-956B-06C7196D9E52}.Release|Any CPU.Build.0 = Release|Any CPU
		{2DB1DF32-DE3F-419E-A307-C02D4967230C}.Debug|Any CPU.ActiveCfg = Debug|Any CPU
		{2DB1DF32-DE3F-419E-A307-C02D4967230C}.Debug|Any CPU.Build.0 = Debug|Any CPU
		{2DB1DF32-DE3F-419E-A307-C02D4967230C}.Release|Any CPU.ActiveCfg = Release|Any CPU
		{2DB1DF32-DE3F-419E-A307-C02D4967230C}.Release|Any CPU.Build.0 = Release|Any CPU
		{7E665EF9-D512-4D36-AFD6-E13BDBD8167F}.Debug|Any CPU.ActiveCfg = Debug|Any CPU
		{7E665EF9-D512-4D36-AFD6-E13BDBD8167F}.Debug|Any CPU.Build.0 = Debug|Any CPU
		{7E665EF9-D512-4D36-AFD6-E13BDBD8167F}.Release|Any CPU.ActiveCfg = Release|Any CPU
		{7E665EF9-D512-4D36-AFD6-E13BDBD8167F}.Release|Any CPU.Build.0 = Release|Any CPU
		{625BA5EC-141E-4AA4-ABFA-B8B046215E1C}.Debug|Any CPU.ActiveCfg = Debug|Any CPU
		{625BA5EC-141E-4AA4-ABFA-B8B046215E1C}.Debug|Any CPU.Build.0 = Debug|Any CPU
		{625BA5EC-141E-4AA4-ABFA-B8B046215E1C}.Release|Any CPU.ActiveCfg = Release|Any CPU
		{625BA5EC-141E-4AA4-ABFA-B8B046215E1C}.Release|Any CPU.Build.0 = Release|Any CPU
		{738F0620-1291-41BC-99F8-DAED551EDEE3}.Debug|Any CPU.ActiveCfg = Debug|Any CPU
		{738F0620-1291-41BC-99F8-DAED551EDEE3}.Debug|Any CPU.Build.0 = Debug|Any CPU
		{738F0620-1291-41BC-99F8-DAED551EDEE3}.Release|Any CPU.ActiveCfg = Release|Any CPU
		{738F0620-1291-41BC-99F8-DAED551EDEE3}.Release|Any CPU.Build.0 = Release|Any CPU
		{E2D23D75-19D4-41A6-A57E-4B6D4F94941F}.Debug|Any CPU.ActiveCfg = Debug|Any CPU
		{E2D23D75-19D4-41A6-A57E-4B6D4F94941F}.Debug|Any CPU.Build.0 = Debug|Any CPU
		{E2D23D75-19D4-41A6-A57E-4B6D4F94941F}.Release|Any CPU.ActiveCfg = Release|Any CPU
		{E2D23D75-19D4-41A6-A57E-4B6D4F94941F}.Release|Any CPU.Build.0 = Release|Any CPU
		{6375C681-A781-4C36-BD06-4475F25534EE}.Debug|Any CPU.ActiveCfg = Debug|Any CPU
		{6375C681-A781-4C36-BD06-4475F25534EE}.Debug|Any CPU.Build.0 = Debug|Any CPU
		{6375C681-A781-4C36-BD06-4475F25534EE}.Release|Any CPU.ActiveCfg = Release|Any CPU
		{6375C681-A781-4C36-BD06-4475F25534EE}.Release|Any CPU.Build.0 = Release|Any CPU
		{E971E626-83F5-4AAE-8CFD-A9D37FBAD439}.Debug|Any CPU.ActiveCfg = Debug|Any CPU
		{E971E626-83F5-4AAE-8CFD-A9D37FBAD439}.Debug|Any CPU.Build.0 = Debug|Any CPU
		{E971E626-83F5-4AAE-8CFD-A9D37FBAD439}.Release|Any CPU.ActiveCfg = Release|Any CPU
		{E971E626-83F5-4AAE-8CFD-A9D37FBAD439}.Release|Any CPU.Build.0 = Release|Any CPU
		{BEB101EF-8EB2-4857-84CB-F44118D41ACA}.Debug|Any CPU.ActiveCfg = Debug|Any CPU
		{BEB101EF-8EB2-4857-84CB-F44118D41ACA}.Debug|Any CPU.Build.0 = Debug|Any CPU
		{BEB101EF-8EB2-4857-84CB-F44118D41ACA}.Release|Any CPU.ActiveCfg = Release|Any CPU
		{BEB101EF-8EB2-4857-84CB-F44118D41ACA}.Release|Any CPU.Build.0 = Release|Any CPU
		{763D195B-55CC-47CB-BB6E-962B1118A5C7}.Debug|Any CPU.ActiveCfg = Debug|Any CPU
		{763D195B-55CC-47CB-BB6E-962B1118A5C7}.Debug|Any CPU.Build.0 = Debug|Any CPU
		{763D195B-55CC-47CB-BB6E-962B1118A5C7}.Release|Any CPU.ActiveCfg = Release|Any CPU
		{763D195B-55CC-47CB-BB6E-962B1118A5C7}.Release|Any CPU.Build.0 = Release|Any CPU
	EndGlobalSection
	GlobalSection(SolutionProperties) = preSolution
		HideSolutionNode = FALSE
	EndGlobalSection
	GlobalSection(NestedProjects) = preSolution
		{2E83CDC3-152A-4139-8B00-0CDECD3F5BDC} = {BB1DDDE2-9764-421F-9472-04EFF7165887}
		{D951B3A3-070E-47EE-956B-06C7196D9E52} = {7394CFC5-7F3C-4CA1-96D4-13FEEFADF821}
		{2DB1DF32-DE3F-419E-A307-C02D4967230C} = {7394CFC5-7F3C-4CA1-96D4-13FEEFADF821}
		{7E665EF9-D512-4D36-AFD6-E13BDBD8167F} = {7394CFC5-7F3C-4CA1-96D4-13FEEFADF821}
		{738F0620-1291-41BC-99F8-DAED551EDEE3} = {BB1DDDE2-9764-421F-9472-04EFF7165887}
		{6375C681-A781-4C36-BD06-4475F25534EE} = {BB1DDDE2-9764-421F-9472-04EFF7165887}
		{E971E626-83F5-4AAE-8CFD-A9D37FBAD439} = {7394CFC5-7F3C-4CA1-96D4-13FEEFADF821}
		{BEB101EF-8EB2-4857-84CB-F44118D41ACA} = {BB1DDDE2-9764-421F-9472-04EFF7165887}
	EndGlobalSection
	GlobalSection(TestCaseManagementSettings) = postSolution
		CategoryFile = nwebsec.vsmdi
	EndGlobalSection
EndGlobal
